github.com/filipkroca/b2n v0.0.0-20190805132448-22fb58c69d13 h1:lMUO34eQVril9b541ukr3GVFQd5Pq0vqW2UYDwMaPZU=
github.com/filipkroca/b2n v0.0.0-20190805132448-22fb58c69d13/go.mod h1:T3yLU0Uo5tiZKq8qKocFNiXRfP+woXS4U6JvhonHcKY=
github.com/filipkroca/teltonikaparser v0.0.0-20221014211009-24bbb6460c5e h1:L6TwPrS0SfeyIehJPKesRhR/A2mfQOyBse4qxUZ7CqI=
github.com/filipkroca/teltonikaparser v0.0.0-20221014211009-24bbb6460c5e/go.mod h1:SzwyyZMCuG791uj8o+oPIDuSHz7Iu0xnZPJfIa0ZkjU=
